
Microsoft Visual Studio Solution File, Format Version 12.00
# Visual Studio 14
VisualStudioVersion = 14.0.25420.1
MinimumVisualStudioVersion = 10.0.40219.1
Project("{FAE04EC0-301F-11D3-BF4B-00C04F79EFBC}") = "IncidentsService", "IncidentsService\IncidentsService.csproj", "{04E4240B-0D5D-4EEF-9867-101CD04EBE0E}"
EndProject
Project("{FAE04EC0-301F-11D3-BF4B-00C04F79EFBC}") = "CustomerIncidents", "CustomerIncidents\CustomerIncidents.csproj", "{0C0FC3FC-EBA9-4AFD-82D4-2E333C7FBCA3}"
	ProjectSection(ProjectDependencies) = postProject
		{04E4240B-0D5D-4EEF-9867-101CD04EBE0E} = {04E4240B-0D5D-4EEF-9867-101CD04EBE0E}
	EndProjectSection
EndProject
Global
	GlobalSection(SolutionConfigurationPlatforms) = preSolution
		Debug|Any CPU = Debug|Any CPU
		Release|Any CPU = Release|Any CPU
	EndGlobalSection
	GlobalSection(ProjectConfigurationPlatforms) = postSolution
		{04E4240B-0D5D-4EEF-9867-101CD04EBE0E}.Debug|Any CPU.ActiveCfg = Debug|Any CPU
		{04E4240B-0D5D-4EEF-9867-101CD04EBE0E}.Debug|Any CPU.Build.0 = Debug|Any CPU
		{04E4240B-0D5D-4EEF-9867-101CD04EBE0E}.Release|Any CPU.ActiveCfg = Release|Any CPU
		{04E4240B-0D5D-4EEF-9867-101CD04EBE0E}.Release|Any CPU.Build.0 = Release|Any CPU
		{0C0FC3FC-EBA9-4AFD-82D4-2E333C7FBCA3}.Debug|Any CPU.ActiveCfg = Debug|Any CPU
		{0C0FC3FC-EBA9-4AFD-82D4-2E333C7FBCA3}.Debug|Any CPU.Build.0 = Debug|Any CPU
		{0C0FC3FC-EBA9-4AFD-82D4-2E333C7FBCA3}.Release|Any CPU.ActiveCfg = Release|Any CPU
		{0C0FC3FC-EBA9-4AFD-82D4-2E333C7FBCA3}.Release|Any CPU.Build.0 = Release|Any CPU
	EndGlobalSection
	GlobalSection(SolutionProperties) = preSolution
		HideSolutionNode = FALSE
	EndGlobalSection
EndGlobal
